
Microsoft Visual Studio Solution File, Format Version 12.00
# Visual Studio Version 17
VisualStudioVersion = 17.0.31903.59
MinimumVisualStudioVersion = 10.0.40219.1
Project("{2150E333-8FDC-42A3-9474-1A3956D46DE8}") = "infra", "infra", "{77044E32-31AA-4836-92BF-6726B1D107AD}"
EndProject
Project("{FAE04EC0-301F-11D3-BF4B-00C04F79EFBC}") = "aca-csharp", "infra\aca-csharp\aca-csharp.csproj", "{F19D60BC-45D2-4BEE-B9E3-B7E70BAFB789}"
EndProject
Global
	GlobalSection(SolutionConfigurationPlatforms) = preSolution
		Debug|Any CPU = Debug|Any CPU
		Release|Any CPU = Release|Any CPU
	EndGlobalSection
	GlobalSection(SolutionProperties) = preSolution
		HideSolutionNode = FALSE
	EndGlobalSection
	GlobalSection(ProjectConfigurationPlatforms) = postSolution
		{F19D60BC-45D2-4BEE-B9E3-B7E70BAFB789}.Debug|Any CPU.ActiveCfg = Debug|Any CPU
		{F19D60BC-45D2-4BEE-B9E3-B7E70BAFB789}.Debug|Any CPU.Build.0 = Debug|Any CPU
		{F19D60BC-45D2-4BEE-B9E3-B7E70BAFB789}.Release|Any CPU.ActiveCfg = Release|Any CPU
		{F19D60BC-45D2-4BEE-B9E3-B7E70BAFB789}.Release|Any CPU.Build.0 = Release|Any CPU
	EndGlobalSection
	GlobalSection(NestedProjects) = preSolution
		{F19D60BC-45D2-4BEE-B9E3-B7E70BAFB789} = {77044E32-31AA-4836-92BF-6726B1D107AD}
	EndGlobalSection
EndGlobal
